
Microsoft Visual Studio Solution File, Format Version 12.00
# Visual Studio Version 16
VisualStudioVersion = 16.0.29209.62
MinimumVisualStudioVersion = 10.0.40219.1
Project("{9A19103F-16F7-4668-BE54-9A1E7A4F7556}") = "todoapp", "todoapp\todoapp.csproj", "{F2CCDA89-EB86-4256-98C5-6FA5D374C31A}"
EndProject
Project("{FAE04EC0-301F-11D3-BF4B-00C04F79EFBC}") = "todoapp.Tests", "todoapp.Tests\todoapp.Tests.csproj", "{73A90655-C129-4955-A608-8885DACC002A}"
EndProject
Global
	GlobalSection(SolutionConfigurationPlatforms) = preSolution
		Debug|Any CPU = Debug|Any CPU
		Release|Any CPU = Release|Any CPU
	EndGlobalSection
	GlobalSection(ProjectConfigurationPlatforms) = postSolution
		{F2CCDA89-EB86-4256-98C5-6FA5D374C31A}.Debug|Any CPU.ActiveCfg = Debug|Any CPU
		{F2CCDA89-EB86-4256-98C5-6FA5D374C31A}.Debug|Any CPU.Build.0 = Debug|Any CPU
		{F2CCDA89-EB86-4256-98C5-6FA5D374C31A}.Release|Any CPU.ActiveCfg = Release|Any CPU
		{F2CCDA89-EB86-4256-98C5-6FA5D374C31A}.Release|Any CPU.Build.0 = Release|Any CPU
		{73A90655-C129-4955-A608-8885DACC002A}.Debug|Any CPU.ActiveCfg = Debug|Any CPU
		{73A90655-C129-4955-A608-8885DACC002A}.Debug|Any CPU.Build.0 = Debug|Any CPU
		{73A90655-C129-4955-A608-8885DACC002A}.Release|Any CPU.ActiveCfg = Release|Any CPU
		{73A90655-C129-4955-A608-8885DACC002A}.Release|Any CPU.Build.0 = Release|Any CPU
	EndGlobalSection
	GlobalSection(SolutionProperties) = preSolution
		HideSolutionNode = FALSE
	EndGlobalSection
	GlobalSection(ExtensibilityGlobals) = postSolution
		SolutionGuid = {6B801074-C409-4C25-A2A7-641205AEB15F}
	EndGlobalSection
EndGlobal
